
Microsoft Visual Studio Solution File, Format Version 12.00
# Visual Studio Version 17
VisualStudioVersion = 17.5.33502.453
MinimumVisualStudioVersion = 10.0.40219.1
Project("{8BC9CEB8-8B4A-11D0-8D11-00A0C91BC942}") = "insertionsort1", "insertionsort1\insertionsort1.vcxproj", "{DB5B4103-911A-416C-8EAE-B0C2016BABE5}"
EndProject
Global
	GlobalSection(SolutionConfigurationPlatforms) = preSolution
		Debug|x64 = Debug|x64
		Debug|x86 = Debug|x86
		Release|x64 = Release|x64
		Release|x86 = Release|x86
	EndGlobalSection
	GlobalSection(ProjectConfigurationPlatforms) = postSolution
		{DB5B4103-911A-416C-8EAE-B0C2016BABE5}.Debug|x64.ActiveCfg = Debug|x64
		{DB5B4103-911A-416C-8EAE-B0C2016BABE5}.Debug|x64.Build.0 = Debug|x64
		{DB5B4103-911A-416C-8EAE-B0C2016BABE5}.Debug|x86.ActiveCfg = Debug|Win32
		{DB5B4103-911A-416C-8EAE-B0C2016BABE5}.Debug|x86.Build.0 = Debug|Win32
		{DB5B4103-911A-416C-8EAE-B0C2016BABE5}.Release|x64.ActiveCfg = Release|x64
		{DB5B4103-911A-416C-8EAE-B0C2016BABE5}.Release|x64.Build.0 = Release|x64
		{DB5B4103-911A-416C-8EAE-B0C2016BABE5}.Release|x86.ActiveCfg = Release|Win32
		{DB5B4103-911A-416C-8EAE-B0C2016BABE5}.Release|x86.Build.0 = Release|Win32
	EndGlobalSection
	GlobalSection(SolutionProperties) = preSolution
		HideSolutionNode = FALSE
	EndGlobalSection
	GlobalSection(ExtensibilityGlobals) = postSolution
		SolutionGuid = {57FAE308-76C1-43D8-8DBB-39D97103AF54}
	EndGlobalSection
EndGlobal
